reduce number of packages again for running test
13b1c31
{
  "R": {
    "Version": "4.1.1",
    "Repositories": [
      {
        "Name": "CRAN",
        "URL": "https://cran.rstudio.com"
      }
    ]
  },
  "Packages": {
    "AnlysisOfWaves": {
      "Package": "AnlysisOfWaves",
      "Version": "0.0.0.9000",
      "Source": "GitHub",
      "RemoteType": "github",
      "RemoteHost": "api.github.com",
      "RemoteRepo": "AnlysisOfWaves",
      "RemoteUsername": "rjlopez2",
      "RemoteRef": "e3cc2a3",
      "RemoteSha": "e3cc2a3042ba83b8c22bf0cf30d0ca7700087f2d",
      "Hash": "a0e9315c0886446e61b7cc716e0f0ce5",
      "Requirements": [
        "attempt",
        "broom",
        "car",
        "colorspace",
        "dplyr",
        "forcats",
        "ggbeeswarm",
        "ggnewscale",
        "ggplot2",
        "ggpubr",
        "ijtiff",
        "magrittr",
        "purrr",
        "qqplotr",
        "readxl",
        "rlang",
        "rstatix",
        "stringr",
        "tidyr",
        "tidyselect"
      ]
    },
    "DEoptimR": {
      "Package": "DEoptimR",
      "Version": "1.0-11",
      "Source": "Repository",
      "Repository": "CRAN",
      "Hash": "b18b34cfbf932e17803c2e3e4b1a2d2a",
